
Microsoft Visual Studio Solution File, Format Version 12.00
# Visual Studio 15
VisualStudioVersion = 15.0.28307.168
MinimumVisualStudioVersion = 10.0.40219.1
Project("{9A19103F-16F7-4668-BE54-9A1E7A4F7556}") = "MaciejWolf-Task1", "MaciejWolf-Task1\MaciejWolf-Task1.csproj", "{A2E8E20D-98BA-4A9C-A17E-35D1F7E16634}"
EndProject
Project("{9A19103F-16F7-4668-BE54-9A1E7A4F7556}") = "WebApi", "TodoApi\WebApi.csproj", "{3E477338-6D8E-4CB6-A346-ACE38D637028}"
EndProject
Global
	GlobalSection(SolutionConfigurationPlatforms) = preSolution
		Debug|Any CPU = Debug|Any CPU
		Release|Any CPU = Release|Any CPU
	EndGlobalSection
	GlobalSection(ProjectConfigurationPlatforms) = postSolution
		{A2E8E20D-98BA-4A9C-A17E-35D1F7E16634}.Debug|Any CPU.ActiveCfg = Debug|Any CPU
		{A2E8E20D-98BA-4A9C-A17E-35D1F7E16634}.Debug|Any CPU.Build.0 = Debug|Any CPU
		{A2E8E20D-98BA-4A9C-A17E-35D1F7E16634}.Release|Any CPU.ActiveCfg = Release|Any CPU
		{A2E8E20D-98BA-4A9C-A17E-35D1F7E16634}.Release|Any CPU.Build.0 = Release|Any CPU
		{3E477338-6D8E-4CB6-A346-ACE38D637028}.Debug|Any CPU.ActiveCfg = Debug|Any CPU
		{3E477338-6D8E-4CB6-A346-ACE38D637028}.Debug|Any CPU.Build.0 = Debug|Any CPU
		{3E477338-6D8E-4CB6-A346-ACE38D637028}.Release|Any CPU.ActiveCfg = Release|Any CPU
		{3E477338-6D8E-4CB6-A346-ACE38D637028}.Release|Any CPU.Build.0 = Release|Any CPU
	EndGlobalSection
	GlobalSection(SolutionProperties) = preSolution
		HideSolutionNode = FALSE
	EndGlobalSection
	GlobalSection(ExtensibilityGlobals) = postSolution
		SolutionGuid = {BA3A7682-7B43-4FE9-8021-47136E0C4878}
	EndGlobalSection
EndGlobal
